// !$*UTF8*$!
{
	archiveVersion = 1;
	classes = {
	};
	objectVersion = 51;
	objects = {

/* Begin PBXBuildFile section */
		149A659C2733E27900CAF785 /* UploadViewController.swift in Sources */ = {isa = PBXBuildFile; fileRef = 149A659B2733E27900CAF785 /* UploadViewController.swift */; };
		405C4B5927338E1000FB0678 /* AppDelegate.swift in Sources */ = {isa = PBXBuildFile; fileRef = 405C4B5827338E1000FB0678 /* AppDelegate.swift */; };
		405C4B5B27338E1000FB0678 /* SceneDelegate.swift in Sources */ = {isa = PBXBuildFile; fileRef = 405C4B5A27338E1000FB0678 /* SceneDelegate.swift */; };
		405C4B5D27338E1000FB0678 /* ViewController.swift in Sources */ = {isa = PBXBuildFile; fileRef = 405C4B5C27338E1000FB0678 /* ViewController.swift */; };
		405C4B6027338E1000FB0678 /* Main.storyboard in Resources */ = {isa = PBXBuildFile; fileRef = 405C4B5E27338E1000FB0678 /* Main.storyboard */; };
		405C4B6327338E1000FB0678 /* fairuznew2.xcdatamodeld in Sources */ = {isa = PBXBuildFile; fileRef = 405C4B6127338E1000FB0678 /* fairuznew2.xcdatamodeld */; };
		405C4B6527338E1100FB0678 /* Assets.xcassets in Resources */ = {isa = PBXBuildFile; fileRef = 405C4B6427338E1100FB0678 /* Assets.xcassets */; };
		405C4B6827338E1100FB0678 /* LaunchScreen.storyboard in Resources */ = {isa = PBXBuildFile; fileRef = 405C4B6627338E1100FB0678 /* LaunchScreen.storyboard */; };
		405C4B7327338E1100FB0678 /* fairuznew2Tests.swift in Sources */ = {isa = PBXBuildFile; fileRef = 405C4B7227338E1100FB0678 /* fairuznew2Tests.swift */; };
		405C4B7E27338E1100FB0678 /* fairuznew2UITests.swift in Sources */ = {isa = PBXBuildFile; fileRef = 405C4B7D27338E1100FB0678 /* fairuznew2UITests.swift */; };
		405D6A012733AEEE00BFD9F8 /* Utilities.swift in Sources */ = {isa = PBXBuildFile; fileRef = 405D6A002733AEEE00BFD9F8 /* Utilities.swift */; };
		405D6A042733BB2200BFD9F8 /* Constants.swift in Sources */ = {isa = PBXBuildFile; fileRef = 405D6A032733BB2100BFD9F8 /* Constants.swift */; };
		405D6A062733BB9F00BFD9F8 /* HomeViewController.swift in Sources */ = {isa = PBXBuildFile; fileRef = 405D6A052733BB9F00BFD9F8 /* HomeViewController.swift */; };
		4072CED927339A0600EE2F21 /* GoogleService-Info.plist in Resources */ = {isa = PBXBuildFile; fileRef = 4072CED827339A0600EE2F21 /* GoogleService-Info.plist */; };
		4072CEDB27339EF400EE2F21 /* Login.swift in Sources */ = {isa = PBXBuildFile; fileRef = 4072CEDA27339EF400EE2F21 /* Login.swift */; };
		4072CEDD27339F0600EE2F21 /* Signup.swift in Sources */ = {isa = PBXBuildFile; fileRef = 4072CEDC27339F0600EE2F21 /* Signup.swift */; };
		6098AB6437A430E9D43D910F /* Pods_fairuznew2.framework in Frameworks */ = {isa = PBXBuildFile; fileRef = 74652DB68A0284A95AECCC7C /* Pods_fairuznew2.framework */; };
/* End PBXBuildFile section */

/* Begin PBXContainerItemProxy section */
		405C4B6F27338E1100FB0678 /* PBXContainerItemProxy */ = {
			isa = PBXContainerItemProxy;
			containerPortal = 405C4B4D27338E1000FB0678 /* Project object */;
			proxyType = 1;
			remoteGlobalIDString = 405C4B5427338E1000FB0678;
			remoteInfo = fairuznew2;
		};
		405C4B7A27338E1100FB0678 /* PBXContainerItemProxy */ = {
			isa = PBXContainerItemProxy;
			containerPortal = 405C4B4D27338E1000FB0678 /* Project object */;
			proxyType = 1;
			remoteGlobalIDString = 405C4B5427338E1000FB0678;
			remoteInfo = fairuznew2;
		};
/* End PBXContainerItemProxy section */

/* Begin PBXFileReference section */
		149A659B2733E27900CAF785 /* UploadViewController.swift */ = {isa = PBXFileReference; lastKnownFileType = sourcecode.swift; path = UploadViewController.swift; sourceTree = "<group>"; };
		28EB28B28A9E3BFB558797A4 /* Pods-fairuznew2.release.xcconfig */ = {isa = PBXFileReference; includeInIndex = 1; lastKnownFileType = text.xcconfig; name = "Pods-fairuznew2.release.xcconfig"; path = "Target Support Files/Pods-fairuznew2/Pods-fairuznew2.release.xcconfig"; sourceTree = "<group>"; };
		405C4B5527338E1000FB0678 /* fairuznew2.app */ = {isa = PBXFileReference; explicitFileType = wrapper.application; includeInIndex = 0; path = fairuznew2.app; sourceTree = BUILT_PRODUCTS_DIR; };
		405C4B5827338E1000FB0678 /* AppDelegate.swift */ = {isa = PBXFileReference; lastKnownFileType = sourcecode.swift; path = AppDelegate.swift; sourceTree = "<group>"; };
		405C4B5A27338E1000FB0678 /* SceneDelegate.swift */ = {isa = PBXFileReference; lastKnownFileType = sourcecode.swift; path = SceneDelegate.swift; sourceTree = "<group>"; };
		405C4B5C27338E1000FB0678 /* ViewController.swift */ = {isa = PBXFileReference; lastKnownFileType = sourcecode.swift; path = ViewController.swift; sourceTree = "<group>"; };
		405C4B5F27338E1000FB0678 /* Base */ = {isa = PBXFileReference; lastKnownFileType = file.storyboard; name = Base; path = Base.lproj/Main.storyboard; sourceTree = "<group>"; };
		405C4B6227338E1000FB0678 /* fairuznew2.xcdatamodel */ = {isa = PBXFileReference; lastKnownFileType = wrapper.xcdatamodel; path = fairuznew2.xcdatamodel; sourceTree = "<group>"; };
		405C4B6427338E1100FB0678 /* Assets.xcassets */ = {isa = PBXFileReference; lastKnownFileType = folder.assetcatalog; path = Assets.xcassets; sourceTree = "<group>"; };
		405C4B6727338E1100FB0678 /* Base */ = {isa = PBXFileReference; lastKnownFileType = file.storyboard; name = Base; path = Base.lproj/LaunchScreen.storyboard; sourceTree = "<group>"; };
		405C4B6927338E1100FB0678 /* Info.plist */ = {isa = PBXFileReference; lastKnownFileType = text.plist.xml; path = Info.plist; sourceTree = "<group>"; };
		405C4B6E27338E1100FB0678 /* fairuznew2Tests.xctest */ = {isa = PBXFileReference; explicitFileType = wrapper.cfbundle; includeInIndex = 0; path = fairuznew2Tests.xctest; sourceTree = BUILT_PRODUCTS_DIR; };
		405C4B7227338E1100FB0678 /* fairuznew2Tests.swift */ = {isa = PBXFileReference; lastKnownFileType = sourcecode.swift; path = fairuznew2Tests.swift; sourceTree = "<group>"; };
		405C4B7427338E1100FB0678 /* Info.plist */ = {isa = PBXFileReference; lastKnownFileType = text.plist.xml; path = Info.plist; sourceTree = "<group>"; };
		405C4B7927338E1100FB0678 /* fairuznew2UITests.xctest */ = {isa = PBXFileReference; explicitFileType = wrapper.cfbundle; includeInIndex = 0; path = fairuznew2UITests.xctest; sourceTree = BUILT_PRODUCTS_DIR; };
		405C4B7D27338E1100FB0678 /* fairuznew2UITests.swift */ = {isa = PBXFileReference; lastKnownFileType = sourcecode.swift; path = fairuznew2UITests.swift; sourceTree = "<group>"; };
		405C4B7F27338E1100FB0678 /* Info.plist */ = {isa = PBXFileReference; lastKnownFileType = text.plist.xml; path = Info.plist; sourceTree = "<group>"; };
		405D6A002733AEEE00BFD9F8 /* Utilities.swift */ = {isa = PBXFileReference; fileEncoding = 4; lastKnownFileType = sourcecode.swift; path = Utilities.swift; sourceTree = "<group>"; };
		405D6A032733BB2100BFD9F8 /* Constants.swift */ = {isa = PBXFileReference; lastKnownFileType = sourcecode.swift; path = Constants.swift; sourceTree = "<group>"; };
		405D6A052733BB9F00BFD9F8 /* HomeViewController.swift */ = {isa = PBXFileReference; lastKnownFileType = sourcecode.swift; path = HomeViewController.swift; sourceTree = "<group>"; };
		4072CED827339A0600EE2F21 /* GoogleService-Info.plist */ = {isa = PBXFileReference; fileEncoding = 4; lastKnownFileType = text.plist.xml; name = "GoogleService-Info.plist"; path = "../../../Downloads/GoogleService-Info.plist"; sourceTree = "<group>"; };
		4072CEDA27339EF400EE2F21 /* Login.swift */ = {isa = PBXFileReference; lastKnownFileType = sourcecode.swift; path = Login.swift; sourceTree = "<group>"; };
		4072CEDC27339F0600EE2F21 /* Signup.swift */ = {isa = PBXFileReference; lastKnownFileType = sourcecode.swift; path = Signup.swift; sourceTree = "<group>"; };
		74652DB68A0284A95AECCC7C /* Pods_fairuznew2.framework */ = {isa = PBXFileReference; explicitFileType = wrapper.framework; includeInIndex = 0; path = Pods_fairuznew2.framework; sourceTree = BUILT_PRODUCTS_DIR; };
		C260EA13C0FD6F547603A1CB /* Pods-fairuznew2.debug.xcconfig */ = {isa = PBXFileReference; includeInIndex = 1; lastKnownFileType = text.xcconfig; name = "Pods-fairuznew2.debug.xcconfig"; path = "Target Support Files/Pods-fairuznew2/Pods-fairuznew2.debug.xcconfig"; sourceTree = "<group>"; };
/* End PBXFileReference section */

/* Begin PBXFrameworksBuildPhase section */
		405C4B5227338E1000FB0678 /* Frameworks */ = {
			isa = PBXFrameworksBuildPhase;
			buildActionMask = 2147483647;
			files = (
				6098AB6437A430E9D43D910F /* Pods_fairuznew2.framework in Frameworks */,
			);
			runOnlyForDeploymentPostprocessing = 0;
		};
		405C4B6B27338E1100FB0678 /* Frameworks */ = {
			isa = PBXFrameworksBuildPhase;
			buildActionMask = 2147483647;
			files = (
			);
			runOnlyForDeploymentPostprocessing = 0;
		};
		405C4B7627338E1100FB0678 /* Frameworks */ = {
			isa = PBXFrameworksBuildPhase;
			buildActionMask = 2147483647;
			files = (
			);
			runOnlyForDeploymentPostprocessing = 0;
		};
/* End PBXFrameworksBuildPhase section */

/* Begin PBXGroup section */
		3F5CE7984C1230B1B7153A86 /* Frameworks */ = {
			isa = PBXGroup;
			children = (
				74652DB68A0284A95AECCC7C /* Pods_fairuznew2.framework */,
			);
			name = Frameworks;
			sourceTree = "<group>";
		};
		405C4B4C27338E1000FB0678 = {
			isa = PBXGroup;
			children = (
				405C4B5727338E1000FB0678 /* fairuznew2 */,
				405C4B7127338E1100FB0678 /* fairuznew2Tests */,
				405C4B7C27338E1100FB0678 /* fairuznew2UITests */,
				405C4B5627338E1000FB0678 /* Products */,
				E506CE4BD17706C67C37B053 /* Pods */,
				3F5CE7984C1230B1B7153A86 /* Frameworks */,
			);
			sourceTree = "<group>";
		};
		405C4B5627338E1000FB0678 /* Products */ = {
			isa = PBXGroup;
			children = (
				405C4B5527338E1000FB0678 /* fairuznew2.app */,
				405C4B6E27338E1100FB0678 /* fairuznew2Tests.xctest */,
				405C4B7927338E1100FB0678 /* fairuznew2UITests.xctest */,
			);
			name = Products;
			sourceTree = "<group>";
		};
		405C4B5727338E1000FB0678 /* fairuznew2 */ = {
			isa = PBXGroup;
			children = (
				405D6A022733AF0000BFD9F8 /* Helpers */,
				4072CEDE27339F1900EE2F21 /* viewcontrollers */,
				4072CED827339A0600EE2F21 /* GoogleService-Info.plist */,
				405C4B5827338E1000FB0678 /* AppDelegate.swift */,
				405C4B5A27338E1000FB0678 /* SceneDelegate.swift */,
				405C4B5E27338E1000FB0678 /* Main.storyboard */,
				405C4B6427338E1100FB0678 /* Assets.xcassets */,
				405C4B6627338E1100FB0678 /* LaunchScreen.storyboard */,
				405C4B6927338E1100FB0678 /* Info.plist */,
				405C4B6127338E1000FB0678 /* fairuznew2.xcdatamodeld */,
			);
			path = fairuznew2;
			sourceTree = "<group>";
		};
		405C4B7127338E1100FB0678 /* fairuznew2Tests */ = {
			isa = PBXGroup;
			children = (
				405C4B7227338E1100FB0678 /* fairuznew2Tests.swift */,
				405C4B7427338E1100FB0678 /* Info.plist */,
			);
			path = fairuznew2Tests;
			sourceTree = "<group>";
		};
		405C4B7C27338E1100FB0678 /* fairuznew2UITests */ = {
			isa = PBXGroup;
			children = (
				405C4B7D27338E1100FB0678 /* fairuznew2UITests.swift */,
				405C4B7F27338E1100FB0678 /* Info.plist */,
			);
			path = fairuznew2UITests;
			sourceTree = "<group>";
		};
		405D6A022733AF0000BFD9F8 /* Helpers */ = {
			isa = PBXGroup;
			children = (
				405D6A002733AEEE00BFD9F8 /* Utilities.swift */,
				405D6A032733BB2100BFD9F8 /* Constants.swift */,
			);
			path = Helpers;
			sourceTree = "<group>";
		};
		4072CEDE27339F1900EE2F21 /* viewcontrollers */ = {
			isa = PBXGroup;
			children = (
				4072CEDC27339F0600EE2F21 /* Signup.swift */,
				4072CEDA27339EF400EE2F21 /* Login.swift */,
				405C4B5C27338E1000FB0678 /* ViewController.swift */,
				405D6A052733BB9F00BFD9F8 /* HomeViewController.swift */,
				149A659B2733E27900CAF785 /* UploadViewController.swift */,
			);
			path = viewcontrollers;
			sourceTree = "<group>";
		};
		E506CE4BD17706C67C37B053 /* Pods */ = {
			isa = PBXGroup;
			children = (
				C260EA13C0FD6F547603A1CB /* Pods-fairuznew2.debug.xcconfig */,
				28EB28B28A9E3BFB558797A4 /* Pods-fairuznew2.release.xcconfig */,
			);
			path = Pods;
			sourceTree = "<group>";
		};
/* End PBXGroup section */

/* Begin PBXNativeTarget section */
		405C4B5427338E1000FB0678 /* fairuznew2 */ = {
			isa = PBXNativeTarget;
			buildConfigurationList = 405C4B8227338E1100FB0678 /* Build configuration list for PBXNativeTarget "fairuznew2" */;
			buildPhases = (
				DDAE33F81FDC00F76E86925F /* [CP] Check Pods Manifest.lock */,
				405C4B5127338E1000FB0678 /* Sources */,
				405C4B5227338E1000FB0678 /* Frameworks */,
				405C4B5327338E1000FB0678 /* Resources */,
				13AC15C08E503EAC93F8A8F7 /* [CP] Embed Pods Frameworks */,
			);
			buildRules = (
			);
			dependencies = (
			);
			name = fairuznew2;
			productName = fairuznew2;
			productReference = 405C4B5527338E1000FB0678 /* fairuznew2.app */;
			productType = "com.apple.product-type.application";
		};
		405C4B6D27338E1100FB0678 /* fairuznew2Tests */ = {
			isa = PBXNativeTarget;
			buildConfigurationList = 405C4B8527338E1100FB0678 /* Build configuration list for PBXNativeTarget "fairuznew2Tests" */;
			buildPhases = (
				405C4B6A27338E1100FB0678 /* Sources */,
				405C4B6B27338E1100FB0678 /* Frameworks */,
				405C4B6C27338E1100FB0678 /* Resources */,
			);
			buildRules = (
			);
			dependencies = (
				405C4B7027338E1100FB0678 /* PBXTargetDependency */,
			);
			name = fairuznew2Tests;
			productName = fairuznew2Tests;
			productReference = 405C4B6E27338E1100FB0678 /* fairuznew2Tests.xctest */;
			productType = "com.apple.product-type.bundle.unit-test";
		};
		405C4B7827338E1100FB0678 /* fairuznew2UITests */ = {
			isa = PBXNativeTarget;
			buildConfigurationList = 405C4B8827338E1100FB0678 /* Build configuration list for PBXNativeTarget "fairuznew2UITests" */;
			buildPhases = (
				405C4B7527338E1100FB0678 /* Sources */,
				405C4B7627338E1100FB0678 /* Frameworks */,
				405C4B7727338E1100FB0678 /* Resources */,
			);
			buildRules = (
			);
			dependencies = (
				405C4B7B27338E1100FB0678 /* PBXTargetDependency */,
			);
			name = fairuznew2UITests;
			productName = fairuznew2UITests;
			productReference = 405C4B7927338E1100FB0678 /* fairuznew2UITests.xctest */;
			productType = "com.apple.product-type.bundle.ui-testing";
		};
/* End PBXNativeTarget section */

/* Begin PBXProject section */
		405C4B4D27338E1000FB0678 /* Project object */ = {
			isa = PBXProject;
			attributes = {
				LastSwiftUpdateCheck = 1120;
				LastUpgradeCheck = 1120;
				ORGANIZATIONNAME = kuet;
				TargetAttributes = {
					405C4B5427338E1000FB0678 = {
						CreatedOnToolsVersion = 11.2.1;
					};
					405C4B6D27338E1100FB0678 = {
						CreatedOnToolsVersion = 11.2.1;
						TestTargetID = 405C4B5427338E1000FB0678;
					};
					405C4B7827338E1100FB0678 = {
						CreatedOnToolsVersion = 11.2.1;
						TestTargetID = 405C4B5427338E1000FB0678;
					};
				};
			};
			buildConfigurationList = 405C4B5027338E1000FB0678 /* Build configuration list for PBXProject "fairuznew2" */;
			compatibilityVersion = "Xcode 9.3";
			developmentRegion = en;
			hasScannedForEncodings = 0;
			knownRegions = (
				en,
				Base,
			);
			mainGroup = 405C4B4C27338E1000FB0678;
			productRefGroup = 405C4B5627338E1000FB0678 /* Products */;
			projectDirPath = "";
			projectRoot = "";
			targets = (
				405C4B5427338E1000FB0678 /* fairuznew2 */,
				405C4B6D27338E1100FB0678 /* fairuznew2Tests */,
				405C4B7827338E1100FB0678 /* fairuznew2UITests */,
			);
		};
/* End PBXProject section */

/* Begin PBXResourcesBuildPhase section */
		405C4B5327338E1000FB0678 /* Resources */ = {
			isa = PBXResourcesBuildPhase;
			buildActionMask = 2147483647;
			files = (
				405C4B6827338E1100FB0678 /* LaunchScreen.storyboard in Resources */,
				4072CED927339A0600EE2F21 /* GoogleService-Info.plist in Resources */,
				405C4B6527338E1100FB0678 /* Assets.xcassets in Resources */,
				405C4B6027338E1000FB0678 /* Main.storyboard in Resources */,
			);
			runOnlyForDeploymentPostprocessing = 0;
		};
		405C4B6C27338E1100FB0678 /* Resources */ = {
			isa = PBXResourcesBuildPhase;
			buildActionMask = 2147483647;
			files = (
			);
			runOnlyForDeploymentPostprocessing = 0;
		};
		405C4B7727338E1100FB0678 /* Resources */ = {
			isa = PBXResourcesBuildPhase;
			buildActionMask = 2147483647;
			files = (
			);
			runOnlyForDeploymentPostprocessing = 0;
		};
/* End PBXResourcesBuildPhase section */

/* Begin PBXShellScriptBuildPhase section */
		13AC15C08E503EAC93F8A8F7 /* [CP] Embed Pods Frameworks */ = {
			isa = PBXShellScriptBuildPhase;
			buildActionMask = 2147483647;
			files = (
			);
			inputFileListPaths = (
				"${PODS_ROOT}/Target Support Files/Pods-fairuznew2/Pods-fairuznew2-frameworks-${CONFIGURATION}-input-files.xcfilelist",
			);
			name = "[CP] Embed Pods Frameworks";
			outputFileListPaths = (
				"${PODS_ROOT}/Target Support Files/Pods-fairuznew2/Pods-fairuznew2-frameworks-${CONFIGURATION}-output-files.xcfilelist",
			);
			runOnlyForDeploymentPostprocessing = 0;
			shellPath = /bin/sh;
			shellScript = "\"${PODS_ROOT}/Target Support Files/Pods-fairuznew2/Pods-fairuznew2-frameworks.sh\"\n";
			showEnvVarsInLog = 0;
		};
		DDAE33F81FDC00F76E86925F /* [CP] Check Pods Manifest.lock */ = {
			isa = PBXShellScriptBuildPhase;
			buildActionMask = 2147483647;
			files = (
			);
			inputFileListPaths = (
			);
			inputPaths = (
				"${PODS_PODFILE_DIR_PATH}/Podfile.lock",
				"${PODS_ROOT}/Manifest.lock",
			);
			name = "[CP] Check Pods Manifest.lock";
			outputFileListPaths = (
			);
			outputPaths = (
				"$(DERIVED_FILE_DIR)/Pods-fairuznew2-checkManifestLockResult.txt",
			);
			runOnlyForDeploymentPostprocessing = 0;
			shellPath = /bin/sh;
			shellScript = "diff \"${PODS_PODFILE_DIR_PATH}/Podfile.lock\" \"${PODS_ROOT}/Manifest.lock\" > /dev/null\nif [ $? != 0 ] ; then\n    # print error to STDERR\n    echo \"error: The sandbox is not in sync with the Podfile.lock. Run 'pod install' or update your CocoaPods installation.\" >&2\n    exit 1\nfi\n# This output is used by Xcode 'outputs' to avoid re-running this script phase.\necho \"SUCCESS\" > \"${SCRIPT_OUTPUT_FILE_0}\"\n";
			showEnvVarsInLog = 0;
		};
/* End PBXShellScriptBuildPhase section */

/* Begin PBXSourcesBuildPhase section */
		405C4B5127338E1000FB0678 /* Sources */ = {
			isa = PBXSourcesBuildPhase;
			buildActionMask = 2147483647;
			files = (
				405C4B6327338E1000FB0678 /* fairuznew2.xcdatamodeld in Sources */,
				149A659C2733E27900CAF785 /* UploadViewController.swift in Sources */,
				4072CEDB27339EF400EE2F21 /* Login.swift in Sources */,
				405D6A012733AEEE00BFD9F8 /* Utilities.swift in Sources */,
				405C4B5D27338E1000FB0678 /* ViewController.swift in Sources */,
				405C4B5927338E1000FB0678 /* AppDelegate.swift in Sources */,
				405D6A062733BB9F00BFD9F8 /* HomeViewController.swift in Sources */,
				405C4B5B27338E1000FB0678 /* SceneDelegate.swift in Sources */,
				4072CEDD27339F0600EE2F21 /* Signup.swift in Sources */,
				405D6A042733BB2200BFD9F8 /* Constants.swift in Sources */,
			);
			runOnlyForDeploymentPostprocessing = 0;
		};
		405C4B6A27338E1100FB0678 /* Sources */ = {
			isa = PBXSourcesBuildPhase;
			buildActionMask = 2147483647;
			files = (
				405C4B7327338E1100FB0678 /* fairuznew2Tests.swift in Sources */,
			);
			runOnlyForDeploymentPostprocessing = 0;
		};
		405C4B7527338E1100FB0678 /* Sources */ = {
			isa = PBXSourcesBuildPhase;
			buildActionMask = 2147483647;
			files = (
				405C4B7E27338E1100FB0678 /* fairuznew2UITests.swift in Sources */,
			);
			runOnlyForDeploymentPostprocessing = 0;
		};
/* End PBXSourcesBuildPhase section */

/* Begin PBXTargetDependency section */
		405C4B7027338E1100FB0678 /* PBXTargetDependency */ = {
			isa = PBXTargetDependency;
			target = 405C4B5427338E1000FB0678 /* fairuznew2 */;
			targetProxy = 405C4B6F27338E1100FB0678 /* PBXContainerItemProxy */;
		};
		405C4B7B27338E1100FB0678 /* PBXTargetDependency */ = {
			isa = PBXTargetDependency;
			target = 405C4B5427338E1000FB0678 /* fairuznew2 */;
			targetProxy = 405C4B7A27338E1100FB0678 /* PBXContainerItemProxy */;
		};
/* End PBXTargetDependency section */

/* Begin PBXVariantGroup section */
		405C4B5E27338E1000FB0678 /* Main.storyboard */ = {
			isa = PBXVariantGroup;
			children = (
				405C4B5F27338E1000FB0678 /* Base */,
			);
			name = Main.storyboard;
			sourceTree = "<group>";
		};
		405C4B6627338E1100FB0678 /* LaunchScreen.storyboard */ = {
			isa = PBXVariantGroup;
			children = (
				405C4B6727338E1100FB0678 /* Base */,
			);
			name = LaunchScreen.storyboard;
			sourceTree = "<group>";
		};
/* End PBXVariantGroup section */

/* Begin XCBuildConfiguration section */
		405C4B8027338E1100FB0678 /* Debug */ = {
			isa = XCBuildConfiguration;
			buildSettings = {
				ALWAYS_SEARCH_USER_PATHS = NO;
				CLANG_ANALYZER_NONNULL = YES;
				CLANG_ANALYZER_NUMBER_OBJECT_CONVERSION = YES_AGGRESSIVE;
				CLANG_CXX_LANGUAGE_STANDARD = "gnu++14";
				CLANG_CXX_LIBRARY = "libc++";
				CLANG_ENABLE_MODULES = YES;
				CLANG_ENABLE_OBJC_ARC = YES;
				CLANG_ENABLE_OBJC_WEAK = YES;
				CLANG_WARN_BLOCK_CAPTURE_AUTORELEASING = YES;
				CLANG_WARN_BOOL_CONVERSION = YES;
				CLANG_WARN_COMMA = YES;
				CLANG_WARN_CONSTANT_CONVERSION = YES;
				CLANG_WARN_DEPRECATED_OBJC_IMPLEMENTATIONS = YES;
				CLANG_WARN_DIRECT_OBJC_ISA_USAGE = YES_ERROR;
				CLANG_WARN_DOCUMENTATION_COMMENTS = YES;
				CLANG_WARN_EMPTY_BODY = YES;
				CLANG_WARN_ENUM_CONVERSION = YES;
				CLANG_WARN_INFINITE_RECURSION = YES;
				CLANG_WARN_INT_CONVERSION = YES;
				CLANG_WARN_NON_LITERAL_NULL_CONVERSION = YES;
				CLANG_WARN_OBJC_IMPLICIT_RETAIN_SELF = YES;
				CLANG_WARN_OBJC_LITERAL_CONVERSION = YES;
				CLANG_WARN_OBJC_ROOT_CLASS = YES_ERROR;
				CLANG_WARN_RANGE_LOOP_ANALYSIS = YES;
				CLANG_WARN_STRICT_PROTOTYPES = YES;
				CLANG_WARN_SUSPICIOUS_MOVE = YES;
				CLANG_WARN_UNGUARDED_AVAILABILITY = YES_AGGRESSIVE;
				CLANG_WARN_UNREACHABLE_CODE = YES;
				CLANG_WARN__DUPLICATE_METHOD_MATCH = YES;
				COPY_PHASE_STRIP = NO;
				DEBUG_INFORMATION_FORMAT = dwarf;
				ENABLE_STRICT_OBJC_MSGSEND = YES;
				ENABLE_TESTABILITY = YES;
				GCC_C_LANGUAGE_STANDARD = gnu11;
				GCC_DYNAMIC_NO_PIC = NO;
				GCC_NO_COMMON_BLOCKS = YES;
				GCC_OPTIMIZATION_LEVEL = 0;
				GCC_PREPROCESSOR_DEFINITIONS = (
					"DEBUG=1",
					"$(inherited)",
				);
				GCC_WARN_64_TO_32_BIT_CONVERSION = YES;
				GCC_WARN_ABOUT_RETURN_TYPE = YES_ERROR;
				GCC_WARN_UNDECLARED_SELECTOR = YES;
				GCC_WARN_UNINITIALIZED_AUTOS = YES_AGGRESSIVE;
				GCC_WARN_UNUSED_FUNCTION = YES;
				GCC_WARN_UNUSED_VARIABLE = YES;
				IPHONEOS_DEPLOYMENT_TARGET = 13.2;
				MTL_ENABLE_DEBUG_INFO = INCLUDE_SOURCE;
				MTL_FAST_MATH = YES;
				ONLY_ACTIVE_ARCH = YES;
				SDKROOT = iphoneos;
				SWIFT_ACTIVE_COMPILATION_CONDITIONS = DEBUG;
				SWIFT_OPTIMIZATION_LEVEL = "-Onone";
			};
			name = Debug;
		};
		405C4B8127338E1100FB0678 /* Release */ = {
			isa = XCBuildConfiguration;
			buildSettings = {
				ALWAYS_SEARCH_USER_PATHS = NO;
				CLANG_ANALYZER_NONNULL = YES;
				CLANG_ANALYZER_NUMBER_OBJECT_CONVERSION = YES_AGGRESSIVE;
				CLANG_CXX_LANGUAGE_STANDARD = "gnu++14";
				CLANG_CXX_LIBRARY = "libc++";
				CLANG_ENABLE_MODULES = YES;
				CLANG_ENABLE_OBJC_ARC = YES;
				CLANG_ENABLE_OBJC_WEAK = YES;
				CLANG_WARN_BLOCK_CAPTURE_AUTORELEASING = YES;
				CLANG_WARN_BOOL_CONVERSION = YES;
				CLANG_WARN_COMMA = YES;
				CLANG_WARN_CONSTANT_CONVERSION = YES;
				CLANG_WARN_DEPRECATED_OBJC_IMPLEMENTATIONS = YES;
				CLANG_WARN_DIRECT_OBJC_ISA_USAGE = YES_ERROR;
				CLANG_WARN_DOCUMENTATION_COMMENTS = YES;
				CLANG_WARN_EMPTY_BODY = YES;
				CLANG_WARN_ENUM_CONVERSION = YES;
				CLANG_WARN_INFINITE_RECURSION = YES;
				CLANG_WARN_INT_CONVERSION = YES;
				CLANG_WARN_NON_LITERAL_NULL_CONVERSION = YES;
				CLANG_WARN_OBJC_IMPLICIT_RETAIN_SELF = YES;
				CLANG_WARN_OBJC_LITERAL_CONVERSION = YES;
				CLANG_WARN_OBJC_ROOT_CLASS = YES_ERROR;
				CLANG_WARN_RANGE_LOOP_ANALYSIS = YES;
				CLANG_WARN_STRICT_PROTOTYPES = YES;
				CLANG_WARN_SUSPICIOUS_MOVE = YES;
				CLANG_WARN_UNGUARDED_AVAILABILITY = YES_AGGRESSIVE;
				CLANG_WARN_UNREACHABLE_CODE = YES;
				CLANG_WARN__DUPLICATE_METHOD_MATCH = YES;
				COPY_PHASE_STRIP = NO;
				DEBUG_INFORMATION_FORMAT = "dwarf-with-dsym";
				ENABLE_NS_ASSERTIONS = NO;
				ENABLE_STRICT_OBJC_MSGSEND = YES;
				GCC_C_LANGUAGE_STANDARD = gnu11;
				GCC_NO_COMMON_BLOCKS = YES;
				GCC_WARN_64_TO_32_BIT_CONVERSION = YES;
				GCC_WARN_ABOUT_RETURN_TYPE = YES_ERROR;
				GCC_WARN_UNDECLARED_SELECTOR = YES;
				GCC_WARN_UNINITIALIZED_AUTOS = YES_AGGRESSIVE;
				GCC_WARN_UNUSED_FUNCTION = YES;
				GCC_WARN_UNUSED_VARIABLE = YES;
				IPHONEOS_DEPLOYMENT_TARGET = 13.2;
				MTL_ENABLE_DEBUG_INFO = NO;
				MTL_FAST_MATH = YES;
				SDKROOT = iphoneos;
				SWIFT_COMPILATION_MODE = wholemodule;
				SWIFT_OPTIMIZATION_LEVEL = "-O";
				VALIDATE_PRODUCT = YES;
			};
			name = Release;
		};
		405C4B8327338E1100FB0678 /* Debug */ = {
			isa = XCBuildConfiguration;
			baseConfigurationReference = C260EA13C0FD6F547603A1CB /* Pods-fairuznew2.debug.xcconfig */;
			buildSettings = {
				ASSETCATALOG_COMPILER_APPICON_NAME = AppIcon;
				CODE_SIGN_STYLE = Automatic;
				INFOPLIST_FILE = fairuznew2/Info.plist;
				LD_RUNPATH_SEARCH_PATHS = (
					"$(inherited)",
					"@executable_path/Frameworks",
				);
				PRODUCT_BUNDLE_IDENTIFIER = business.fairuznew2;
				PRODUCT_NAME = "$(TARGET_NAME)";
				SWIFT_VERSION = 5.0;
				TARGETED_DEVICE_FAMILY = "1,2";
			};
			name = Debug;
		};
		405C4B8427338E1100FB0678 /* Release */ = {
			isa = XCBuildConfiguration;
			baseConfigurationReference = 28EB28B28A9E3BFB558797A4 /* Pods-fairuznew2.release.xcconfig */;
			buildSettings = {
				ASSETCATALOG_COMPILER_APPICON_NAME = AppIcon;
				CODE_SIGN_STYLE = Automatic;
				INFOPLIST_FILE = fairuznew2/Info.plist;
				LD_RUNPATH_SEARCH_PATHS = (
					"$(inherited)",
					"@executable_path/Frameworks",
				);
				PRODUCT_BUNDLE_IDENTIFIER = business.fairuznew2;
				PRODUCT_NAME = "$(TARGET_NAME)";
				SWIFT_VERSION = 5.0;
				TARGETED_DEVICE_FAMILY = "1,2";
			};
			name = Release;
		};
		405C4B8627338E1100FB0678 /* Debug */ = {
			isa = XCBuildConfiguration;
			buildSettings = {
				ALWAYS_EMBED_SWIFT_STANDARD_LIBRARIES = YES;
				BUNDLE_LOADER = "$(TEST_HOST)";
				CODE_SIGN_STYLE = Automatic;
				INFOPLIST_FILE = fairuznew2Tests/Info.plist;
				IPHONEOS_DEPLOYMENT_TARGET = 13.2;
				LD_RUNPATH_SEARCH_PATHS = (
					"$(inherited)",
					"@executable_path/Frameworks",
					"@loader_path/Frameworks",
				);
				PRODUCT_BUNDLE_IDENTIFIER = business.fairuznew2Tests;
				PRODUCT_NAME = "$(TARGET_NAME)";
				SWIFT_VERSION = 5.0;
				TARGETED_DEVICE_FAMILY = "1,2";
				TEST_HOST = "$(BUILT_PRODUCTS_DIR)/fairuznew2.app/fairuznew2";
			};
			name = Debug;
		};
		405C4B8727338E1100FB0678 /* Release */ = {
			isa = XCBuildConfiguration;
			buildSettings = {
				ALWAYS_EMBED_SWIFT_STANDARD_LIBRARIES = YES;
				BUNDLE_LOADER = "$(TEST_HOST)";
				CODE_SIGN_STYLE = Automatic;
				INFOPLIST_FILE = fairuznew2Tests/Info.plist;
				IPHONEOS_DEPLOYMENT_TARGET = 13.2;
				LD_RUNPATH_SEARCH_PATHS = (
					"$(inherited)",
					"@executable_path/Frameworks",
					"@loader_path/Frameworks",
				);
				PRODUCT_BUNDLE_IDENTIFIER = business.fairuznew2Tests;
				PRODUCT_NAME = "$(TARGET_NAME)";
				SWIFT_VERSION = 5.0;
				TARGETED_DEVICE_FAMILY = "1,2";
				TEST_HOST = "$(BUILT_PRODUCTS_DIR)/fairuznew2.app/fairuznew2";
			};
			name = Release;
		};
		405C4B8927338E1100FB0678 /* Debug */ = {
			isa = XCBuildConfiguration;
			buildSettings = {
				ALWAYS_EMBED_SWIFT_STANDARD_LIBRARIES = YES;
				CODE_SIGN_STYLE = Automatic;
				INFOPLIST_FILE = fairuznew2UITests/Info.plist;
				LD_RUNPATH_SEARCH_PATHS = (
					"$(inherited)",
					"@executable_path/Frameworks",
					"@loader_path/Frameworks",
				);
				PRODUCT_BUNDLE_IDENTIFIER = business.fairuznew2UITests;
				PRODUCT_NAME = "$(TARGET_NAME)";
				SWIFT_VERSION = 5.0;
				TARGETED_DEVICE_FAMILY = "1,2";
				TEST_TARGET_NAME = fairuznew2;
			};
			name = Debug;
		};
		405C4B8A27338E1100FB0678 /* Release */ = {
			isa = XCBuildConfiguration;
			buildSettings = {
				ALWAYS_EMBED_SWIFT_STANDARD_LIBRARIES = YES;
				CODE_SIGN_STYLE = Automatic;
				INFOPLIST_FILE = fairuznew2UITests/Info.plist;
				LD_RUNPATH_SEARCH_PATHS = (
					"$(inherited)",
					"@executable_path/Frameworks",
					"@loader_path/Frameworks",
				);
				PRODUCT_BUNDLE_IDENTIFIER = business.fairuznew2UITests;
				PRODUCT_NAME = "$(TARGET_NAME)";
				SWIFT_VERSION = 5.0;
				TARGETED_DEVICE_FAMILY = "1,2";
				TEST_TARGET_NAME = fairuznew2;
			};
			name = Release;
		};
/* End XCBuildConfiguration section */

/* Begin XCConfigurationList section */
		405C4B5027338E1000FB0678 /* Build configuration list for PBXProject "fairuznew2" */ = {
			isa = XCConfigurationList;
			buildConfigurations = (
				405C4B8027338E1100FB0678 /* Debug */,
				405C4B8127338E1100FB0678 /* Release */,
			);
			defaultConfigurationIsVisible = 0;
			defaultConfigurationName = Release;
		};
		405C4B8227338E1100FB0678 /* Build configuration list for PBXNativeTarget "fairuznew2" */ = {
			isa = XCConfigurationList;
			buildConfigurations = (
				405C4B8327338E1100FB0678 /* Debug */,
				405C4B8427338E1100FB0678 /* Release */,
			);
			defaultConfigurationIsVisible = 0;
			defaultConfigurationName = Release;
		};
		405C4B8527338E1100FB0678 /* Build configuration list for PBXNativeTarget "fairuznew2Tests" */ = {
			isa = XCConfigurationList;
			buildConfigurations = (
				405C4B8627338E1100FB0678 /* Debug */,
				405C4B8727338E1100FB0678 /* Release */,
			);
			defaultConfigurationIsVisible = 0;
			defaultConfigurationName = Release;
		};
		405C4B8827338E1100FB0678 /* Build configuration list for PBXNativeTarget "fairuznew2UITests" */ = {
			isa = XCConfigurationList;
			buildConfigurations = (
				405C4B8927338E1100FB0678 /* Debug */,
				405C4B8A27338E1100FB0678 /* Release */,
			);
			defaultConfigurationIsVisible = 0;
			defaultConfigurationName = Release;
		};
/* End XCConfigurationList section */

/* Begin XCVersionGroup section */
		405C4B6127338E1000FB0678 /* fairuznew2.xcdatamodeld */ = {
			isa = XCVersionGroup;
			children = (
				405C4B6227338E1000FB0678 /* fairuznew2.xcdatamodel */,
			);
			currentVersion = 405C4B6227338E1000FB0678 /* fairuznew2.xcdatamodel */;
			path = fairuznew2.xcdatamodeld;
			sourceTree = "<group>";
			versionGroupType = wrapper.xcdatamodel;
		};
/* End XCVersionGroup section */
	};
	rootObject = 405C4B4D27338E1000FB0678 /* Project object */;
}
